
Microsoft Visual Studio Solution File, Format Version 12.00
# Visual Studio Version 16
VisualStudioVersion = 16.0.28922.388
MinimumVisualStudioVersion = 10.0.40219.1
Project("{FAE04EC0-301F-11D3-BF4B-00C04F79EFBC}") = "HH2I", "HH2I\HH2I.csproj", "{705E1869-DEAF-4B98-BCC9-414406960218}"
EndProject
Global
	GlobalSection(SolutionConfigurationPlatforms) = preSolution
		Debug|Any CPU = Debug|Any CPU
		Release|Any CPU = Release|Any CPU
	EndGlobalSection
	GlobalSection(ProjectConfigurationPlatforms) = postSolution
		{705E1869-DEAF-4B98-BCC9-414406960218}.Debug|Any CPU.ActiveCfg = Debug|Any CPU
		{705E1869-DEAF-4B98-BCC9-414406960218}.Debug|Any CPU.Build.0 = Debug|Any CPU
		{705E1869-DEAF-4B98-BCC9-414406960218}.Release|Any CPU.ActiveCfg = Release|Any CPU
		{705E1869-DEAF-4B98-BCC9-414406960218}.Release|Any CPU.Build.0 = Release|Any CPU
	EndGlobalSection
	GlobalSection(SolutionProperties) = preSolution
		HideSolutionNode = FALSE
	EndGlobalSection
	GlobalSection(ExtensibilityGlobals) = postSolution
		SolutionGuid = {D3B0EB98-5EB1-4188-B9CD-4FB5250D30D0}
	EndGlobalSection
EndGlobal
