
Microsoft Visual Studio Solution File, Format Version 12.00
# Visual Studio Version 16
VisualStudioVersion = 16.0.29503.13
MinimumVisualStudioVersion = 10.0.40219.1
Project("{FAE04EC0-301F-11D3-BF4B-00C04F79EFBC}") = "HH2I", "HH2I.csproj", "{EF4B4942-0D5F-4966-B6E8-C62CF9E77723}"
EndProject
Global
	GlobalSection(SolutionConfigurationPlatforms) = preSolution
		Debug|Any CPU = Debug|Any CPU
		Release|Any CPU = Release|Any CPU
	EndGlobalSection
	GlobalSection(ProjectConfigurationPlatforms) = postSolution
		{EF4B4942-0D5F-4966-B6E8-C62CF9E77723}.Debug|Any CPU.ActiveCfg = Debug|Any CPU
		{EF4B4942-0D5F-4966-B6E8-C62CF9E77723}.Debug|Any CPU.Build.0 = Debug|Any CPU
		{EF4B4942-0D5F-4966-B6E8-C62CF9E77723}.Release|Any CPU.ActiveCfg = Release|Any CPU
		{EF4B4942-0D5F-4966-B6E8-C62CF9E77723}.Release|Any CPU.Build.0 = Release|Any CPU
	EndGlobalSection
	GlobalSection(SolutionProperties) = preSolution
		HideSolutionNode = FALSE
	EndGlobalSection
	GlobalSection(ExtensibilityGlobals) = postSolution
		SolutionGuid = {9FAF6B93-E516-4CF1-A7EB-3C91AB2ABC4C}
	EndGlobalSection
EndGlobal
